// !$*UTF8*$!
{
	archiveVersion = 1;
	classes = {
	};
	objectVersion = 55;
	objects = {

/* Begin PBXBuildFile section */
		7189604D27E937B200526C14 /* MovieCell.m in Sources */ = {isa = PBXBuildFile; fileRef = 7189604C27E937B200526C14 /* MovieCell.m */; };
		7189605027E937E000526C14 /* MoviesTableViewController.m in Sources */ = {isa = PBXBuildFile; fileRef = 7189604F27E937E000526C14 /* MoviesTableViewController.m */; };
		7189605427E939F300526C14 /* HeaderCell.m in Sources */ = {isa = PBXBuildFile; fileRef = 7189605327E939F300526C14 /* HeaderCell.m */; };
		7189605B27E93ACB00526C14 /* DetailsViewController.m in Sources */ = {isa = PBXBuildFile; fileRef = 7189605A27E93ACB00526C14 /* DetailsViewController.m */; };
		808D529327E8F621008229E7 /* AppDelegate.m in Sources */ = {isa = PBXBuildFile; fileRef = 808D529227E8F621008229E7 /* AppDelegate.m */; };
		808D529627E8F621008229E7 /* SceneDelegate.m in Sources */ = {isa = PBXBuildFile; fileRef = 808D529527E8F621008229E7 /* SceneDelegate.m */; };
		808D529C27E8F621008229E7 /* Main.storyboard in Resources */ = {isa = PBXBuildFile; fileRef = 808D529A27E8F621008229E7 /* Main.storyboard */; };
		808D529E27E8F62B008229E7 /* Assets.xcassets in Resources */ = {isa = PBXBuildFile; fileRef = 808D529D27E8F62B008229E7 /* Assets.xcassets */; };
		808D52A127E8F62B008229E7 /* LaunchScreen.storyboard in Resources */ = {isa = PBXBuildFile; fileRef = 808D529F27E8F62B008229E7 /* LaunchScreen.storyboard */; };
		808D52A427E8F62B008229E7 /* main.m in Sources */ = {isa = PBXBuildFile; fileRef = 808D52A327E8F62B008229E7 /* main.m */; };
		808D52B027E8F7E7008229E7 /* MovieDBService.m in Sources */ = {isa = PBXBuildFile; fileRef = 808D52AF27E8F7E7008229E7 /* MovieDBService.m */; };
		808D52B327E8FB31008229E7 /* Movie.m in Sources */ = {isa = PBXBuildFile; fileRef = 808D52B227E8FB31008229E7 /* Movie.m */; };
/* End PBXBuildFile section */

/* Begin PBXFileReference section */
		7189604B27E937B200526C14 /* MovieCell.h */ = {isa = PBXFileReference; lastKnownFileType = sourcecode.c.h; path = MovieCell.h; sourceTree = "<group>"; };
		7189604C27E937B200526C14 /* MovieCell.m */ = {isa = PBXFileReference; lastKnownFileType = sourcecode.c.objc; path = MovieCell.m; sourceTree = "<group>"; };
		7189604E27E937E000526C14 /* MoviesTableViewController.h */ = {isa = PBXFileReference; lastKnownFileType = sourcecode.c.h; path = MoviesTableViewController.h; sourceTree = "<group>"; };
		7189604F27E937E000526C14 /* MoviesTableViewController.m */ = {isa = PBXFileReference; lastKnownFileType = sourcecode.c.objc; path = MoviesTableViewController.m; sourceTree = "<group>"; };
		7189605227E939F300526C14 /* HeaderCell.h */ = {isa = PBXFileReference; lastKnownFileType = sourcecode.c.h; path = HeaderCell.h; sourceTree = "<group>"; };
		7189605327E939F300526C14 /* HeaderCell.m */ = {isa = PBXFileReference; lastKnownFileType = sourcecode.c.objc; path = HeaderCell.m; sourceTree = "<group>"; };
		7189605927E93ACB00526C14 /* DetailsViewController.h */ = {isa = PBXFileReference; lastKnownFileType = sourcecode.c.h; path = DetailsViewController.h; sourceTree = "<group>"; };
		7189605A27E93ACB00526C14 /* DetailsViewController.m */ = {isa = PBXFileReference; lastKnownFileType = sourcecode.c.objc; path = DetailsViewController.m; sourceTree = "<group>"; };
		808D528E27E8F621008229E7 /* ObjectiveCMovie.app */ = {isa = PBXFileReference; explicitFileType = wrapper.application; includeInIndex = 0; path = ObjectiveCMovie.app; sourceTree = BUILT_PRODUCTS_DIR; };
		808D529127E8F621008229E7 /* AppDelegate.h */ = {isa = PBXFileReference; lastKnownFileType = sourcecode.c.h; path = AppDelegate.h; sourceTree = "<group>"; };
		808D529227E8F621008229E7 /* AppDelegate.m */ = {isa = PBXFileReference; lastKnownFileType = sourcecode.c.objc; path = AppDelegate.m; sourceTree = "<group>"; };
		808D529427E8F621008229E7 /* SceneDelegate.h */ = {isa = PBXFileReference; lastKnownFileType = sourcecode.c.h; path = SceneDelegate.h; sourceTree = "<group>"; };
		808D529527E8F621008229E7 /* SceneDelegate.m */ = {isa = PBXFileReference; lastKnownFileType = sourcecode.c.objc; path = SceneDelegate.m; sourceTree = "<group>"; };
		808D529B27E8F621008229E7 /* Base */ = {isa = PBXFileReference; lastKnownFileType = file.storyboard; name = Base; path = Base.lproj/Main.storyboard; sourceTree = "<group>"; };
		808D529D27E8F62B008229E7 /* Assets.xcassets */ = {isa = PBXFileReference; lastKnownFileType = folder.assetcatalog; path = Assets.xcassets; sourceTree = "<group>"; };
		808D52A027E8F62B008229E7 /* Base */ = {isa = PBXFileReference; lastKnownFileType = file.storyboard; name = Base; path = Base.lproj/LaunchScreen.storyboard; sourceTree = "<group>"; };
		808D52A227E8F62B008229E7 /* Info.plist */ = {isa = PBXFileReference; lastKnownFileType = text.plist.xml; path = Info.plist; sourceTree = "<group>"; };
		808D52A327E8F62B008229E7 /* main.m */ = {isa = PBXFileReference; lastKnownFileType = sourcecode.c.objc; path = main.m; sourceTree = "<group>"; };
		808D52AF27E8F7E7008229E7 /* MovieDBService.m */ = {isa = PBXFileReference; lastKnownFileType = sourcecode.c.objc; path = MovieDBService.m; sourceTree = "<group>"; };
		808D52B127E8F803008229E7 /* MovieDBService.h */ = {isa = PBXFileReference; lastKnownFileType = sourcecode.c.h; path = MovieDBService.h; sourceTree = "<group>"; };
		808D52B227E8FB31008229E7 /* Movie.m */ = {isa = PBXFileReference; lastKnownFileType = sourcecode.c.objc; path = Movie.m; sourceTree = "<group>"; };
		808D52B427E8FB3C008229E7 /* Movie.h */ = {isa = PBXFileReference; lastKnownFileType = sourcecode.c.h; path = Movie.h; sourceTree = "<group>"; };
/* End PBXFileReference section */

/* Begin PBXFrameworksBuildPhase section */
		808D528B27E8F621008229E7 /* Frameworks */ = {
			isa = PBXFrameworksBuildPhase;
			buildActionMask = 2147483647;
			files = (
			);
			runOnlyForDeploymentPostprocessing = 0;
		};
/* End PBXFrameworksBuildPhase section */

/* Begin PBXGroup section */
		7189605527E939FE00526C14 /* MovieCell */ = {
			isa = PBXGroup;
			children = (
				7189604B27E937B200526C14 /* MovieCell.h */,
				7189604C27E937B200526C14 /* MovieCell.m */,
			);
			path = MovieCell;
			sourceTree = "<group>";
		};
		7189605627E93A0900526C14 /* HeaderCell */ = {
			isa = PBXGroup;
			children = (
				7189605227E939F300526C14 /* HeaderCell.h */,
				7189605327E939F300526C14 /* HeaderCell.m */,
			);
			path = HeaderCell;
			sourceTree = "<group>";
		};
		7189605727E93A1B00526C14 /* MoviesTableViewController */ = {
			isa = PBXGroup;
			children = (
				7189604E27E937E000526C14 /* MoviesTableViewController.h */,
				7189604F27E937E000526C14 /* MoviesTableViewController.m */,
			);
			path = MoviesTableViewController;
			sourceTree = "<group>";
		};
		7189605827E93A9B00526C14 /* DetailsViewController */ = {
			isa = PBXGroup;
			children = (
				7189605927E93ACB00526C14 /* DetailsViewController.h */,
				7189605A27E93ACB00526C14 /* DetailsViewController.m */,
			);
			path = DetailsViewController;
			sourceTree = "<group>";
		};
		7189605C27E9457A00526C14 /* AppDelegate */ = {
			isa = PBXGroup;
			children = (
				808D529127E8F621008229E7 /* AppDelegate.h */,
				808D529227E8F621008229E7 /* AppDelegate.m */,
			);
			path = AppDelegate;
			sourceTree = "<group>";
		};
		7189605D27E9458700526C14 /* SceneDelegate */ = {
			isa = PBXGroup;
			children = (
				808D529427E8F621008229E7 /* SceneDelegate.h */,
				808D529527E8F621008229E7 /* SceneDelegate.m */,
			);
			path = SceneDelegate;
			sourceTree = "<group>";
		};
		7189605E27E945A300526C14 /* main */ = {
			isa = PBXGroup;
			children = (
				808D52A327E8F62B008229E7 /* main.m */,
			);
			path = main;
			sourceTree = "<group>";
		};
		808D528527E8F621008229E7 = {
			isa = PBXGroup;
			children = (
				808D529027E8F621008229E7 /* ObjectiveCMovie */,
				808D528F27E8F621008229E7 /* Products */,
			);
			sourceTree = "<group>";
		};
		808D528F27E8F621008229E7 /* Products */ = {
			isa = PBXGroup;
			children = (
				808D528E27E8F621008229E7 /* ObjectiveCMovie.app */,
			);
			name = Products;
			sourceTree = "<group>";
		};
		808D529027E8F621008229E7 /* ObjectiveCMovie */ = {
			isa = PBXGroup;
			children = (
				808D52AE27E8F6A0008229E7 /* Networking */,
				808D52AD27E8F697008229E7 /* Controllers */,
				808D52AC27E8F68C008229E7 /* Views */,
				808D52AB27E8F686008229E7 /* Models */,
				808D52AA27E8F677008229E7 /* App */,
				808D529D27E8F62B008229E7 /* Assets.xcassets */,
				808D52A227E8F62B008229E7 /* Info.plist */,
			);
			path = ObjectiveCMovie;
			sourceTree = "<group>";
		};
		808D52AA27E8F677008229E7 /* App */ = {
			isa = PBXGroup;
			children = (
				7189605C27E9457A00526C14 /* AppDelegate */,
				7189605D27E9458700526C14 /* SceneDelegate */,
				7189605E27E945A300526C14 /* main */,
			);
			path = App;
			sourceTree = "<group>";
		};
		808D52AB27E8F686008229E7 /* Models */ = {
			isa = PBXGroup;
			children = (
				808D52B427E8FB3C008229E7 /* Movie.h */,
				808D52B227E8FB31008229E7 /* Movie.m */,
			);
			path = Models;
			sourceTree = "<group>";
		};
		808D52AC27E8F68C008229E7 /* Views */ = {
			isa = PBXGroup;
			children = (
				808D529A27E8F621008229E7 /* Main.storyboard */,
				808D529F27E8F62B008229E7 /* LaunchScreen.storyboard */,
			);
			path = Views;
			sourceTree = "<group>";
		};
		808D52AD27E8F697008229E7 /* Controllers */ = {
			isa = PBXGroup;
			children = (
				7189605527E939FE00526C14 /* MovieCell */,
				7189605627E93A0900526C14 /* HeaderCell */,
				7189605727E93A1B00526C14 /* MoviesTableViewController */,
				7189605827E93A9B00526C14 /* DetailsViewController */,
			);
			path = Controllers;
			sourceTree = "<group>";
		};
		808D52AE27E8F6A0008229E7 /* Networking */ = {
			isa = PBXGroup;
			children = (
				808D52AF27E8F7E7008229E7 /* MovieDBService.m */,
				808D52B127E8F803008229E7 /* MovieDBService.h */,
			);
			path = Networking;
			sourceTree = "<group>";
		};
/* End PBXGroup section */

/* Begin PBXNativeTarget section */
		808D528D27E8F621008229E7 /* ObjectiveCMovie */ = {
			isa = PBXNativeTarget;
			buildConfigurationList = 808D52A727E8F62B008229E7 /* Build configuration list for PBXNativeTarget "ObjectiveCMovie" */;
			buildPhases = (
				808D528A27E8F621008229E7 /* Sources */,
				808D528B27E8F621008229E7 /* Frameworks */,
				808D528C27E8F621008229E7 /* Resources */,
			);
			buildRules = (
			);
			dependencies = (
			);
			name = ObjectiveCMovie;
			productName = ObjectiveCMovie;
			productReference = 808D528E27E8F621008229E7 /* ObjectiveCMovie.app */;
			productType = "com.apple.product-type.application";
		};
/* End PBXNativeTarget section */

/* Begin PBXProject section */
		808D528627E8F621008229E7 /* Project object */ = {
			isa = PBXProject;
			attributes = {
				BuildIndependentTargetsInParallel = 1;
				LastUpgradeCheck = 1330;
				TargetAttributes = {
					808D528D27E8F621008229E7 = {
						CreatedOnToolsVersion = 13.3;
					};
				};
			};
			buildConfigurationList = 808D528927E8F621008229E7 /* Build configuration list for PBXProject "ObjectiveCMovie" */;
			compatibilityVersion = "Xcode 13.0";
			developmentRegion = en;
			hasScannedForEncodings = 0;
			knownRegions = (
				en,
				Base,
			);
			mainGroup = 808D528527E8F621008229E7;
			productRefGroup = 808D528F27E8F621008229E7 /* Products */;
			projectDirPath = "";
			projectRoot = "";
			targets = (
				808D528D27E8F621008229E7 /* ObjectiveCMovie */,
			);
		};
/* End PBXProject section */

/* Begin PBXResourcesBuildPhase section */
		808D528C27E8F621008229E7 /* Resources */ = {
			isa = PBXResourcesBuildPhase;
			buildActionMask = 2147483647;
			files = (
				808D52A127E8F62B008229E7 /* LaunchScreen.storyboard in Resources */,
				808D529E27E8F62B008229E7 /* Assets.xcassets in Resources */,
				808D529C27E8F621008229E7 /* Main.storyboard in Resources */,
			);
			runOnlyForDeploymentPostprocessing = 0;
		};
/* End PBXResourcesBuildPhase section */

/* Begin PBXSourcesBuildPhase section */
		808D528A27E8F621008229E7 /* Sources */ = {
			isa = PBXSourcesBuildPhase;
			buildActionMask = 2147483647;
			files = (
				7189605427E939F300526C14 /* HeaderCell.m in Sources */,
				7189605027E937E000526C14 /* MoviesTableViewController.m in Sources */,
				808D52B327E8FB31008229E7 /* Movie.m in Sources */,
				808D52B027E8F7E7008229E7 /* MovieDBService.m in Sources */,
				7189604D27E937B200526C14 /* MovieCell.m in Sources */,
				808D529327E8F621008229E7 /* AppDelegate.m in Sources */,
				7189605B27E93ACB00526C14 /* DetailsViewController.m in Sources */,
				808D52A427E8F62B008229E7 /* main.m in Sources */,
				808D529627E8F621008229E7 /* SceneDelegate.m in Sources */,
			);
			runOnlyForDeploymentPostprocessing = 0;
		};
/* End PBXSourcesBuildPhase section */

/* Begin PBXVariantGroup section */
		808D529A27E8F621008229E7 /* Main.storyboard */ = {
			isa = PBXVariantGroup;
			children = (
				808D529B27E8F621008229E7 /* Base */,
			);
			name = Main.storyboard;
			sourceTree = "<group>";
		};
		808D529F27E8F62B008229E7 /* LaunchScreen.storyboard */ = {
			isa = PBXVariantGroup;
			children = (
				808D52A027E8F62B008229E7 /* Base */,
			);
			name = LaunchScreen.storyboard;
			sourceTree = "<group>";
		};
/* End PBXVariantGroup section */

/* Begin XCBuildConfiguration section */
		808D52A527E8F62B008229E7 /* Debug */ = {
			isa = XCBuildConfiguration;
			buildSettings = {
				ALWAYS_SEARCH_USER_PATHS = NO;
				CLANG_ANALYZER_NONNULL = YES;
				CLANG_ANALYZER_NUMBER_OBJECT_CONVERSION = YES_AGGRESSIVE;
				CLANG_CXX_LANGUAGE_STANDARD = "gnu++17";
				CLANG_ENABLE_MODULES = YES;
				CLANG_ENABLE_OBJC_ARC = YES;
				CLANG_ENABLE_OBJC_WEAK = YES;
				CLANG_WARN_BLOCK_CAPTURE_AUTORELEASING = YES;
				CLANG_WARN_BOOL_CONVERSION = YES;
				CLANG_WARN_COMMA = YES;
				CLANG_WARN_CONSTANT_CONVERSION = YES;
				CLANG_WARN_DEPRECATED_OBJC_IMPLEMENTATIONS = YES;
				CLANG_WARN_DIRECT_OBJC_ISA_USAGE = YES_ERROR;
				CLANG_WARN_DOCUMENTATION_COMMENTS = YES;
				CLANG_WARN_EMPTY_BODY = YES;
				CLANG_WARN_ENUM_CONVERSION = YES;
				CLANG_WARN_INFINITE_RECURSION = YES;
				CLANG_WARN_INT_CONVERSION = YES;
				CLANG_WARN_NON_LITERAL_NULL_CONVERSION = YES;
				CLANG_WARN_OBJC_IMPLICIT_RETAIN_SELF = YES;
				CLANG_WARN_OBJC_LITERAL_CONVERSION = YES;
				CLANG_WARN_OBJC_ROOT_CLASS = YES_ERROR;
				CLANG_WARN_QUOTED_INCLUDE_IN_FRAMEWORK_HEADER = YES;
				CLANG_WARN_RANGE_LOOP_ANALYSIS = YES;
				CLANG_WARN_STRICT_PROTOTYPES = YES;
				CLANG_WARN_SUSPICIOUS_MOVE = YES;
				CLANG_WARN_UNGUARDED_AVAILABILITY = YES_AGGRESSIVE;
				CLANG_WARN_UNREACHABLE_CODE = YES;
				CLANG_WARN__DUPLICATE_METHOD_MATCH = YES;
				COPY_PHASE_STRIP = NO;
				DEBUG_INFORMATION_FORMAT = dwarf;
				ENABLE_STRICT_OBJC_MSGSEND = YES;
				ENABLE_TESTABILITY = YES;
				GCC_C_LANGUAGE_STANDARD = gnu11;
				GCC_DYNAMIC_NO_PIC = NO;
				GCC_NO_COMMON_BLOCKS = YES;
				GCC_OPTIMIZATION_LEVEL = 0;
				GCC_PREPROCESSOR_DEFINITIONS = (
					"DEBUG=1",
					"$(inherited)",
				);
				GCC_WARN_64_TO_32_BIT_CONVERSION = YES;
				GCC_WARN_ABOUT_RETURN_TYPE = YES_ERROR;
				GCC_WARN_UNDECLARED_SELECTOR = YES;
				GCC_WARN_UNINITIALIZED_AUTOS = YES_AGGRESSIVE;
				GCC_WARN_UNUSED_FUNCTION = YES;
				GCC_WARN_UNUSED_VARIABLE = YES;
				IPHONEOS_DEPLOYMENT_TARGET = 15.4;
				MTL_ENABLE_DEBUG_INFO = INCLUDE_SOURCE;
				MTL_FAST_MATH = YES;
				ONLY_ACTIVE_ARCH = YES;
				SDKROOT = iphoneos;
			};
			name = Debug;
		};
		808D52A627E8F62B008229E7 /* Release */ = {
			isa = XCBuildConfiguration;
			buildSettings = {
				ALWAYS_SEARCH_USER_PATHS = NO;
				CLANG_ANALYZER_NONNULL = YES;
				CLANG_ANALYZER_NUMBER_OBJECT_CONVERSION = YES_AGGRESSIVE;
				CLANG_CXX_LANGUAGE_STANDARD = "gnu++17";
				CLANG_ENABLE_MODULES = YES;
				CLANG_ENABLE_OBJC_ARC = YES;
				CLANG_ENABLE_OBJC_WEAK = YES;
				CLANG_WARN_BLOCK_CAPTURE_AUTORELEASING = YES;
				CLANG_WARN_BOOL_CONVERSION = YES;
				CLANG_WARN_COMMA = YES;
				CLANG_WARN_CONSTANT_CONVERSION = YES;
				CLANG_WARN_DEPRECATED_OBJC_IMPLEMENTATIONS = YES;
				CLANG_WARN_DIRECT_OBJC_ISA_USAGE = YES_ERROR;
				CLANG_WARN_DOCUMENTATION_COMMENTS = YES;
				CLANG_WARN_EMPTY_BODY = YES;
				CLANG_WARN_ENUM_CONVERSION = YES;
				CLANG_WARN_INFINITE_RECURSION = YES;
				CLANG_WARN_INT_CONVERSION = YES;
				CLANG_WARN_NON_LITERAL_NULL_CONVERSION = YES;
				CLANG_WARN_OBJC_IMPLICIT_RETAIN_SELF = YES;
				CLANG_WARN_OBJC_LITERAL_CONVERSION = YES;
				CLANG_WARN_OBJC_ROOT_CLASS = YES_ERROR;
				CLANG_WARN_QUOTED_INCLUDE_IN_FRAMEWORK_HEADER = YES;
				CLANG_WARN_RANGE_LOOP_ANALYSIS = YES;
				CLANG_WARN_STRICT_PROTOTYPES = YES;
				CLANG_WARN_SUSPICIOUS_MOVE = YES;
				CLANG_WARN_UNGUARDED_AVAILABILITY = YES_AGGRESSIVE;
				CLANG_WARN_UNREACHABLE_CODE = YES;
				CLANG_WARN__DUPLICATE_METHOD_MATCH = YES;
				COPY_PHASE_STRIP = NO;
				DEBUG_INFORMATION_FORMAT = "dwarf-with-dsym";
				ENABLE_NS_ASSERTIONS = NO;
				ENABLE_STRICT_OBJC_MSGSEND = YES;
				GCC_C_LANGUAGE_STANDARD = gnu11;
				GCC_NO_COMMON_BLOCKS = YES;
				GCC_WARN_64_TO_32_BIT_CONVERSION = YES;
				GCC_WARN_ABOUT_RETURN_TYPE = YES_ERROR;
				GCC_WARN_UNDECLARED_SELECTOR = YES;
				GCC_WARN_UNINITIALIZED_AUTOS = YES_AGGRESSIVE;
				GCC_WARN_UNUSED_FUNCTION = YES;
				GCC_WARN_UNUSED_VARIABLE = YES;
				IPHONEOS_DEPLOYMENT_TARGET = 15.4;
				MTL_ENABLE_DEBUG_INFO = NO;
				MTL_FAST_MATH = YES;
				SDKROOT = iphoneos;
				VALIDATE_PRODUCT = YES;
			};
			name = Release;
		};
		808D52A827E8F62B008229E7 /* Debug */ = {
			isa = XCBuildConfiguration;
			buildSettings = {
				ASSETCATALOG_COMPILER_APPICON_NAME = AppIcon;
				ASSETCATALOG_COMPILER_GLOBAL_ACCENT_COLOR_NAME = AccentColor;
				CODE_SIGN_STYLE = Automatic;
				CURRENT_PROJECT_VERSION = 1;
				DEVELOPMENT_TEAM = VHG5SDJ6H6;
				GENERATE_INFOPLIST_FILE = YES;
				INFOPLIST_FILE = ObjectiveCMovie/Info.plist;
				INFOPLIST_KEY_UIApplicationSupportsIndirectInputEvents = YES;
				INFOPLIST_KEY_UILaunchStoryboardName = LaunchScreen;
				INFOPLIST_KEY_UIMainStoryboardFile = Main;
				INFOPLIST_KEY_UISupportedInterfaceOrientations_iPad = "UIInterfaceOrientationPortrait UIInterfaceOrientationPortraitUpsideDown UIInterfaceOrientationLandscapeLeft UIInterfaceOrientationLandscapeRight";
				INFOPLIST_KEY_UISupportedInterfaceOrientations_iPhone = "UIInterfaceOrientationPortrait UIInterfaceOrientationLandscapeLeft UIInterfaceOrientationLandscapeRight";
				LD_RUNPATH_SEARCH_PATHS = (
					"$(inherited)",
					"@executable_path/Frameworks",
				);
				MARKETING_VERSION = 1.0;
				PRODUCT_BUNDLE_IDENTIFIER = io.gigg.ObjectiveCMovie;
				PRODUCT_NAME = "$(TARGET_NAME)";
				SWIFT_EMIT_LOC_STRINGS = YES;
				TARGETED_DEVICE_FAMILY = "1,2";
			};
			name = Debug;
		};
		808D52A927E8F62B008229E7 /* Release */ = {
			isa = XCBuildConfiguration;
			buildSettings = {
				ASSETCATALOG_COMPILER_APPICON_NAME = AppIcon;
				ASSETCATALOG_COMPILER_GLOBAL_ACCENT_COLOR_NAME = AccentColor;
				CODE_SIGN_STYLE = Automatic;
				CURRENT_PROJECT_VERSION = 1;
				DEVELOPMENT_TEAM = VHG5SDJ6H6;
				GENERATE_INFOPLIST_FILE = YES;
				INFOPLIST_FILE = ObjectiveCMovie/Info.plist;
				INFOPLIST_KEY_UIApplicationSupportsIndirectInputEvents = YES;
				INFOPLIST_KEY_UILaunchStoryboardName = LaunchScreen;
				INFOPLIST_KEY_UIMainStoryboardFile = Main;
				INFOPLIST_KEY_UISupportedInterfaceOrientations_iPad = "UIInterfaceOrientationPortrait UIInterfaceOrientationPortraitUpsideDown UIInterfaceOrientationLandscapeLeft UIInterfaceOrientationLandscapeRight";
				INFOPLIST_KEY_UISupportedInterfaceOrientations_iPhone = "UIInterfaceOrientationPortrait UIInterfaceOrientationLandscapeLeft UIInterfaceOrientationLandscapeRight";
				LD_RUNPATH_SEARCH_PATHS = (
					"$(inherited)",
					"@executable_path/Frameworks",
				);
				MARKETING_VERSION = 1.0;
				PRODUCT_BUNDLE_IDENTIFIER = io.gigg.ObjectiveCMovie;
				PRODUCT_NAME = "$(TARGET_NAME)";
				SWIFT_EMIT_LOC_STRINGS = YES;
				TARGETED_DEVICE_FAMILY = "1,2";
			};
			name = Release;
		};
/* End XCBuildConfiguration section */

/* Begin XCConfigurationList section */
		808D528927E8F621008229E7 /* Build configuration list for PBXProject "ObjectiveCMovie" */ = {
			isa = XCConfigurationList;
			buildConfigurations = (
				808D52A527E8F62B008229E7 /* Debug */,
				808D52A627E8F62B008229E7 /* Release */,
			);
			defaultConfigurationIsVisible = 0;
			defaultConfigurationName = Release;
		};
		808D52A727E8F62B008229E7 /* Build configuration list for PBXNativeTarget "ObjectiveCMovie" */ = {
			isa = XCConfigurationList;
			buildConfigurations = (
				808D52A827E8F62B008229E7 /* Debug */,
				808D52A927E8F62B008229E7 /* Release */,
			);
			defaultConfigurationIsVisible = 0;
			defaultConfigurationName = Release;
		};
/* End XCConfigurationList section */
	};
	rootObject = 808D528627E8F621008229E7 /* Project object */;
}
